
Microsoft Visual Studio Solution File, Format Version 12.00
# Visual Studio Version 17
VisualStudioVersion = 17.14.36414.22 d17.14
MinimumVisualStudioVersion = 10.0.40219.1
Project("{FAE04EC0-301F-11D3-BF4B-00C04F79EFBC}") = "mobilki", "mobilki\mobilki.csproj", "{33D61D3B-A9E7-4D24-985B-C526B970E6C0}"
EndProject
Global
	GlobalSection(SolutionConfigurationPlatforms) = preSolution
		Debug|Any CPU = Debug|Any CPU
		Release|Any CPU = Release|Any CPU
	EndGlobalSection
	GlobalSection(ProjectConfigurationPlatforms) = postSolution
		{33D61D3B-A9E7-4D24-985B-C526B970E6C0}.Debug|Any CPU.ActiveCfg = Debug|Any CPU
		{33D61D3B-A9E7-4D24-985B-C526B970E6C0}.Debug|Any CPU.Build.0 = Debug|Any CPU
		{33D61D3B-A9E7-4D24-985B-C526B970E6C0}.Release|Any CPU.ActiveCfg = Release|Any CPU
		{33D61D3B-A9E7-4D24-985B-C526B970E6C0}.Release|Any CPU.Build.0 = Release|Any CPU
	EndGlobalSection
	GlobalSection(SolutionProperties) = preSolution
		HideSolutionNode = FALSE
	EndGlobalSection
	GlobalSection(ExtensibilityGlobals) = postSolution
		SolutionGuid = {D6EE020A-5C24-4DE2-AC66-A11E32946E45}
	EndGlobalSection
EndGlobal
